lockfileVersion: '9.0'

settings:
  autoInstallPeers: true
  excludeLinksFromLockfile: false

importers:

  .:
    dependencies:
      '@sledge/anvil':
        specifier: npm:@sledge-pdm/anvil@^1.0.7
        version: '@sledge-pdm/anvil@1.0.7'
      '@sledge/core':
        specifier: npm:@sledge-pdm/misc@^1.0.0
        version: '@sledge-pdm/misc@1.0.0'

packages:

  '@sledge-pdm/anvil@1.0.7':
    resolution: {integrity: sha512-lstIjPKSMqY41cH+NxEACFhllKY5InQAzkME6sYc0DDjzWvdUeVMhJ9CeeiXPB9Lsbv7Q2El5YQCvlEVlssIrg==}

  '@sledge-pdm/misc@1.0.0':
    resolution: {integrity: sha512-ZAscD0uZxlzFp6vMQgXktFoSrLyoTzTxG5+YLJfialt63+6+hTQaj1VclBlD9C845rN4X+HUeb8YAp/pTgulAQ==}

snapshots:

  '@sledge-pdm/anvil@1.0.7': {}

  '@sledge-pdm/misc@1.0.0': {}
