lockfileVersion: '9.0'

settings:
  autoInstallPeers: true
  excludeLinksFromLockfile: false

importers:

  .:
    dependencies:
      '@sledge/anvil':
        specifier: npm:@sledge-pdm/anvil@^1.0.6
        version: '@sledge-pdm/anvil@1.0.6'
      '@sledge/core':
        specifier: npm:@sledge-pdm/misc@^1.0.0
        version: '@sledge-pdm/misc@1.0.0'

packages:

  '@sledge-pdm/anvil@1.0.6':
    resolution: {integrity: sha512-NDgNRQ8Xvr3mwmlHfNKjL+ssy6l5QyGHY3+n1sEJjmAYvXW95KUFn+C2OrY+V5zR0ex9WJz+Fp548PbBUGkvow==}

  '@sledge-pdm/misc@1.0.0':
    resolution: {integrity: sha512-ZAscD0uZxlzFp6vMQgXktFoSrLyoTzTxG5+YLJfialt63+6+hTQaj1VclBlD9C845rN4X+HUeb8YAp/pTgulAQ==}

snapshots:

  '@sledge-pdm/anvil@1.0.6': {}

  '@sledge-pdm/misc@1.0.0': {}
